# THIS IS AN AUTOGENERATED FILE. DO NOT EDIT THIS FILE DIRECTLY.
# yarn lockfile v1


"@types/node@^12.12.17":
  version "12.12.17"
  resolved "https://registry.npmjs.org/@types/node/-/node-12.12.17.tgz#191b71e7f4c325ee0fb23bc4a996477d92b8c39b"
  integrity sha512-Is+l3mcHvs47sKy+afn2O1rV4ldZFU7W8101cNlOd+MRbjM4Onida8jSZnJdTe/0Pcf25g9BNIUsuugmE6puHA==

commander@^4.0.1:
  version "4.0.1"
  resolved "https://registry.npmjs.org/commander/-/commander-4.0.1.tgz#b67622721785993182e807f4883633e6401ba53c"
  integrity sha512-IPF4ouhCP+qdlcmCedhxX4xiGBPyigb8v5NeUp+0LyhwLgxMqyp3S0vl7TAPfS/hiP7FC3caI/PB9lTmP8r1NA==

convert-hex@~0.1.0:
  version "0.1.0"
  resolved "https://registry.npmjs.org/convert-hex/-/convert-hex-0.1.0.tgz#08c04568922c27776b8a2e81a95d393362ea0b65"
  integrity sha1-CMBFaJIsJ3drii6BqV05M2LqC2U=

convert-string@~0.1.0:
  version "0.1.0"
  resolved "https://registry.npmjs.org/convert-string/-/convert-string-0.1.0.tgz#79ce41a9bb0d03bcf72cdc6a8f3c56fbbc64410a"
  integrity sha1-ec5BqbsNA7z3LNxqjzxW+7xkQQo=

sha256@^0.2.0:
  version "0.2.0"
  resolved "https://registry.npmjs.org/sha256/-/sha256-0.2.0.tgz#73a0b418daab7035bff86e8491e363412fc2ab05"
  integrity sha1-c6C0GNqrcDW/+G6EkeNjQS/CqwU=
  dependencies:
    convert-hex "~0.1.0"
    convert-string "~0.1.0"

utf8@^3.0.0:
  version "3.0.0"
  resolved "https://registry.npmjs.org/utf8/-/utf8-3.0.0.tgz#f052eed1364d696e769ef058b183df88c87f69d1"
  integrity sha512-E8VjFIQ/TyQgp+TZfS6l8yp/xWppSAHzidGiRrqe4bK4XP9pTRyKFgGJpO3SN7zdX4DeomTrwaseCHovfpFcqQ==

uuid@^3.3.3:
  version "3.3.3"
  resolved "https://registry.npmjs.org/uuid/-/uuid-3.3.3.tgz#4568f0216e78760ee1dbf3a4d2cf53e224112866"
  integrity sha512-pW0No1RGHgzlpHJO1nsVrHKpOEIxkGg1xB+v0ZmdNH5OAeAwzAVrCnI2/6Mtx+Uys6iaylxa+D3g4j63IKKjSQ==
