# THIS IS AN AUTOGENERATED FILE. DO NOT EDIT THIS FILE DIRECTLY.
# yarn lockfile v1


"@types/node@^12.12.17":
  version "12.12.17"
  resolved "https://registry.npmjs.org/@types/node/-/node-12.12.17.tgz#191b71e7f4c325ee0fb23bc4a996477d92b8c39b"
  integrity sha512-Is+l3mcHvs47sKy+afn2O1rV4ldZFU7W8101cNlOd+MRbjM4Onida8jSZnJdTe/0Pcf25g9BNIUsuugmE6puHA==

commander@^4.0.1:
  version "4.0.1"
  resolved "https://registry.npmjs.org/commander/-/commander-4.0.1.tgz#b67622721785993182e807f4883633e6401ba53c"
  integrity sha512-IPF4ouhCP+qdlcmCedhxX4xiGBPyigb8v5NeUp+0LyhwLgxMqyp3S0vl7TAPfS/hiP7FC3caI/PB9lTmP8r1NA==
